
Microsoft Visual Studio Solution File, Format Version 12.00
# Visual Studio 15
VisualStudioVersion = 15.0.28010.2026
MinimumVisualStudioVersion = 10.0.40219.1
Project("{FAE04EC0-301F-11D3-BF4B-00C04F79EFBC}") = "N-ary Tree", "N-ary Tree\N-ary Tree.csproj", "{C37C5F41-D8ED-4A94-AFCA-F4BB0DB94176}"
EndProject
Project("{FAE04EC0-301F-11D3-BF4B-00C04F79EFBC}") = "TEST N-ary Tree", "TEST N-ary Tree\TEST N-ary Tree.csproj", "{61046CFF-4793-45FE-AADC-68C3C275EE3B}"
EndProject
Global
	GlobalSection(SolutionConfigurationPlatforms) = preSolution
		Debug|Any CPU = Debug|Any CPU
		Release|Any CPU = Release|Any CPU
	EndGlobalSection
	GlobalSection(ProjectConfigurationPlatforms) = postSolution
		{C37C5F41-D8ED-4A94-AFCA-F4BB0DB94176}.Debug|Any CPU.ActiveCfg = Debug|Any CPU
		{C37C5F41-D8ED-4A94-AFCA-F4BB0DB94176}.Debug|Any CPU.Build.0 = Debug|Any CPU
		{C37C5F41-D8ED-4A94-AFCA-F4BB0DB94176}.Release|Any CPU.ActiveCfg = Release|Any CPU
		{C37C5F41-D8ED-4A94-AFCA-F4BB0DB94176}.Release|Any CPU.Build.0 = Release|Any CPU
		{61046CFF-4793-45FE-AADC-68C3C275EE3B}.Debug|Any CPU.ActiveCfg = Debug|Any CPU
		{61046CFF-4793-45FE-AADC-68C3C275EE3B}.Debug|Any CPU.Build.0 = Debug|Any CPU
		{61046CFF-4793-45FE-AADC-68C3C275EE3B}.Release|Any CPU.ActiveCfg = Release|Any CPU
		{61046CFF-4793-45FE-AADC-68C3C275EE3B}.Release|Any CPU.Build.0 = Release|Any CPU
	EndGlobalSection
	GlobalSection(SolutionProperties) = preSolution
		HideSolutionNode = FALSE
	EndGlobalSection
	GlobalSection(ExtensibilityGlobals) = postSolution
		SolutionGuid = {9CD1DAE0-2908-403B-911D-16D2E690A820}
	EndGlobalSection
EndGlobal
